{
    "_meta": {
        "hash": {
            "sha256": "ec2b6e994ca34b02a9aded17a71a19b9524599441beb9e77c9592c256b8ad1fc"
        },
        "pipfile-spec": 6,
        "requires": {
            "python_version": "3.7"
        },
        "sources": [
            {
                "name": "pypi",
                "url": "https://pypi.org/simple",
                "verify_ssl": true
            }
        ]
    },
    "default": {
        "boto3": {
            "hashes": [
                "sha256:05f7ae180813fbf11cb7397b43b6bd29463abdc246bee58127836f1a8f6a9a2f",
                "sha256:3480c87b530e7f41d9264a6725dda68208de2697822cf02cd3a541b001872410"
            ],
            "version": "==1.11.9"
        },
        "botocore": {
            "hashes": [
                "sha256:1909424c9544f92142c8e551888731e32a99f9c99cfe8d21fea3ec0c32981dae",
                "sha256:e3e3c0f59dc30c86dd2116aece3bd554f8476446cf1c5770bbf5111993d676c8"
            ],
            "version": "==1.14.9"
        },
        "certifi": {
            "hashes": [
                "sha256:017c25db2a153ce562900032d5bc68e9f191e44e9a0f762f373977de9df1fbb3",
                "sha256:25b64c7da4cd7479594d035c08c2d809eb4aab3a26e5a990ea98cc450c320f1f"
            ],
            "version": "==2019.11.28"
        },
        "chardet": {
            "hashes": [
                "sha256:84ab92ed1c4d4f16916e05906b6b75a6c0fb5db821cc65e70cbd64a3e2a5eaae",
                "sha256:fc323ffcaeaed0e0a02bf4d117757b98aed530d9ed4531e3e15460124c106691"
            ],
            "version": "==3.0.4"
        },
        "click": {
            "hashes": [
                "sha256:2335065e6395b9e67ca716de5f7526736bfa6ceead690adf616d925bdc622b13",
                "sha256:5b94b49521f6456670fdb30cd82a4eca9412788a93fa6dd6df72c94d5a8ff2d7"
            ],
            "version": "==7.0"
        },
        "docutils": {
            "hashes": [
                "sha256:6c4f696463b79f1fb8ba0c594b63840ebd41f059e92b31957c46b74a4599b6d0",
                "sha256:9e4d7ecfc600058e07ba661411a2b7de2fd0fafa17d1a7f7361cd47b1175c827",
                "sha256:a2aeea129088da402665e92e0b25b04b073c04b2dce4ab65caaa38b7ce2e1a99"
            ],
            "version": "==0.15.2"
        },
        "idna": {
            "hashes": [
                "sha256:c357b3f628cf53ae2c4c05627ecc484553142ca23264e593d327bcde5e9c3407",
                "sha256:ea8b7f6188e6fa117537c3df7da9fc686d485087abf6ac197f9c46432f7e4a3c"
            ],
            "version": "==2.8"
        },
        "jmespath": {
            "hashes": [
                "sha256:3720a4b1bd659dd2eecad0666459b9788813e032b83e7ba58578e48254e0a0e6",
                "sha256:bde2aef6f44302dfb30320115b17d030798de8c4110e28d5cf6cf91a7a31074c"
            ],
            "version": "==0.9.4"
        },
        "joblib": {
            "hashes": [
                "sha256:0630eea4f5664c463f23fbf5dcfc54a2bc6168902719fa8e19daf033022786c8",
                "sha256:bdb4fd9b72915ffb49fde2229ce482dd7ae79d842ed8c2b4c932441495af1403"
            ],
            "version": "==0.14.1"
        },
        "numpy": {
            "hashes": [
                "sha256:1786a08236f2c92ae0e70423c45e1e62788ed33028f94ca99c4df03f5be6b3c6",
                "sha256:17aa7a81fe7599a10f2b7d95856dc5cf84a4eefa45bc96123cbbc3ebc568994e",
                "sha256:20b26aaa5b3da029942cdcce719b363dbe58696ad182aff0e5dcb1687ec946dc",
                "sha256:2d75908ab3ced4223ccba595b48e538afa5ecc37405923d1fea6906d7c3a50bc",
                "sha256:39d2c685af15d3ce682c99ce5925cc66efc824652e10990d2462dfe9b8918c6a",
                "sha256:56bc8ded6fcd9adea90f65377438f9fea8c05fcf7c5ba766bef258d0da1554aa",
                "sha256:590355aeade1a2eaba17617c19edccb7db8d78760175256e3cf94590a1a964f3",
                "sha256:70a840a26f4e61defa7bdf811d7498a284ced303dfbc35acb7be12a39b2aa121",
                "sha256:77c3bfe65d8560487052ad55c6998a04b654c2fbc36d546aef2b2e511e760971",
                "sha256:9537eecf179f566fd1c160a2e912ca0b8e02d773af0a7a1120ad4f7507cd0d26",
                "sha256:9acdf933c1fd263c513a2df3dceecea6f3ff4419d80bf238510976bf9bcb26cd",
                "sha256:ae0975f42ab1f28364dcda3dde3cf6c1ddab3e1d4b2909da0cb0191fa9ca0480",
                "sha256:b3af02ecc999c8003e538e60c89a2b37646b39b688d4e44d7373e11c2debabec",
                "sha256:b6ff59cee96b454516e47e7721098e6ceebef435e3e21ac2d6c3b8b02628eb77",
                "sha256:b765ed3930b92812aa698a455847141869ef755a87e099fddd4ccf9d81fffb57",
                "sha256:c98c5ffd7d41611407a1103ae11c8b634ad6a43606eca3e2a5a269e5d6e8eb07",
                "sha256:cf7eb6b1025d3e169989416b1adcd676624c2dbed9e3bcb7137f51bfc8cc2572",
                "sha256:d92350c22b150c1cae7ebb0ee8b5670cc84848f6359cf6b5d8f86617098a9b73",
                "sha256:e422c3152921cece8b6a2fb6b0b4d73b6579bd20ae075e7d15143e711f3ca2ca",
                "sha256:e840f552a509e3380b0f0ec977e8124d0dc34dc0e68289ca28f4d7c1d0d79474",
                "sha256:f3d0a94ad151870978fb93538e95411c83899c9dc63e6fb65542f769568ecfa5"
            ],
            "index": "pypi",
            "version": "==1.18.1"
        },
        "portalocker": {
            "hashes": [
                "sha256:6f57aabb25ba176462dc7c63b86c42ad6a9b5bd3d679a9d776d0536bfb803d54",
                "sha256:dac62e53e5670cb40d2ee4cdc785e6b829665932c3ee75307ad677cf5f7d2e9f"
            ],
            "version": "==1.5.2"
        },
        "protobuf": {
            "hashes": [
                "sha256:0329e86a397db2a83f9dcbe21d9be55a47f963cdabc893c3a24f4d3a8f117c37",
                "sha256:0a7219254afec0d488211f3d482d8ed57e80ae735394e584a98d8f30a8c88a36",
                "sha256:14d6ac53df9cb5bb87c4f91b677c1bc5cec9c0fd44327f367a3c9562de2877c4",
                "sha256:180fc364b42907a1d2afa183ccbeffafe659378c236b1ec3daca524950bb918d",
                "sha256:3d7a7d8d20b4e7a8f63f62de2d192cfd8b7a53c56caba7ece95367ca2b80c574",
                "sha256:3f509f7e50d806a434fe4a5fbf602516002a0f092889209fff7db82060efffc0",
                "sha256:4571da974019849201fc1ec6626b9cea54bd11b6bed140f8f737c0a33ea37de5",
                "sha256:56bd1d84fbf4505c7b73f04de987eef5682e5752c811141b0186a3809bfb396f",
                "sha256:680c668d00b5eff08b86aef9e5ba9a705e621ea05d39071cfea8e28cb2400946",
                "sha256:6b5b947dc8b3f2aec0eaad65b0b5113fcd642c358c31357c647da6281ee31104",
                "sha256:6e96dffaf4d0a9a329e528b353ba62fd9ef13599688723d96bc9c165d0b6871e",
                "sha256:919f0d6f6addc836d08658eba3b52be2e92fd3e76da3ce00c325d8e9826d17c7",
                "sha256:9c7b19c30cf0644afd0e4218b13f637ce54382fdcb1c8f75bf3e84e49a5f6d0a",
                "sha256:a2e6f57114933882ec701807f217df2fb4588d47f71f227c0a163446b930d507",
                "sha256:a6b970a2eccfcbabe1acf230fbf112face1c4700036c95e195f3554d7bcb04c1",
                "sha256:bc45641cbcdea068b67438244c926f9fd3e5cbdd824448a4a64370610df7c593",
                "sha256:d61b14a9090da77fe87e38ba4c6c43d3533dcbeb5d84f5474e7ac63c532dcc9c",
                "sha256:d6faf5dbefb593e127463f58076b62fcfe0784187be8fe1aa9167388f24a22a1"
            ],
            "version": "==3.11.2"
        },
        "pyrouge": {
            "hashes": [
                "sha256:364f1dd65a5aabeb40eb4cdf967bc0cb495073885c75eaf09c960fc9ea1696a3"
            ],
            "index": "pypi",
            "version": "==0.1.3"
        },
        "python-dateutil": {
            "hashes": [
                "sha256:73ebfe9dbf22e832286dafa60473e4cd239f8592f699aa5adaf10050e6e1823c",
                "sha256:75bb3f31ea686f1197762692a9ee6a7550b59fc6ca3a1f4b5d7e32fb98e2da2a"
            ],
            "version": "==2.8.1"
        },
        "radam": {
            "git": "https://github.com/LiyuanLucasLiu/RAdam",
            "ref": "688cb1ec99944d52690c1034f6dcfe830b24d3fd"
        },
        "regex": {
            "hashes": [
                "sha256:07b39bf943d3d2fe63d46281d8504f8df0ff3fe4c57e13d1656737950e53e525",
                "sha256:0932941cdfb3afcbc26cc3bcf7c3f3d73d5a9b9c56955d432dbf8bbc147d4c5b",
                "sha256:0e182d2f097ea8549a249040922fa2b92ae28be4be4895933e369a525ba36576",
                "sha256:10671601ee06cf4dc1bc0b4805309040bb34c9af423c12c379c83d7895622bb5",
                "sha256:23e2c2c0ff50f44877f64780b815b8fd2e003cda9ce817a7fd00dea5600c84a0",
                "sha256:26ff99c980f53b3191d8931b199b29d6787c059f2e029b2b0c694343b1708c35",
                "sha256:27429b8d74ba683484a06b260b7bb00f312e7c757792628ea251afdbf1434003",
                "sha256:3e77409b678b21a056415da3a56abfd7c3ad03da71f3051bbcdb68cf44d3c34d",
                "sha256:4e8f02d3d72ca94efc8396f8036c0d3bcc812aefc28ec70f35bb888c74a25161",
                "sha256:4eae742636aec40cf7ab98171ab9400393360b97e8f9da67b1867a9ee0889b26",
                "sha256:6a6ae17bf8f2d82d1e8858a47757ce389b880083c4ff2498dba17c56e6c103b9",
                "sha256:6a6ba91b94427cd49cd27764679024b14a96874e0dc638ae6bdd4b1a3ce97be1",
                "sha256:7bcd322935377abcc79bfe5b63c44abd0b29387f267791d566bbb566edfdd146",
                "sha256:98b8ed7bb2155e2cbb8b76f627b2fd12cf4b22ab6e14873e8641f266e0fb6d8f",
                "sha256:bd25bb7980917e4e70ccccd7e3b5740614f1c408a642c245019cff9d7d1b6149",
                "sha256:d0f424328f9822b0323b3b6f2e4b9c90960b24743d220763c7f07071e0778351",
                "sha256:d58e4606da2a41659c84baeb3cfa2e4c87a74cec89a1e7c56bee4b956f9d7461",
                "sha256:e3cd21cc2840ca67de0bbe4071f79f031c81418deb544ceda93ad75ca1ee9f7b",
                "sha256:e6c02171d62ed6972ca8631f6f34fa3281d51db8b326ee397b9c83093a6b7242",
                "sha256:e7c7661f7276507bce416eaae22040fd91ca471b5b33c13f8ff21137ed6f248c",
                "sha256:ecc6de77df3ef68fee966bb8cb4e067e84d4d1f397d0ef6fce46913663540d77"
            ],
            "version": "==2020.1.8"
        },
        "requests": {
            "hashes": [
                "sha256:11e007a8a2aa0323f5a921e9e6a2d7e4e67d9877e85773fba9ba6419025cbeb4",
                "sha256:9cf5292fcd0f598c671cfc1e0d7d1a7f13bb8085e9a590f48c010551dc6c4b31"
            ],
            "index": "pypi",
            "version": "==2.22.0"
        },
        "revtok": {
            "hashes": [
                "sha256:a66090024a4ecfc8475cdc802f9c4f838a3a23d8a5c27c78c10cadc06ccba837",
                "sha256:b068055907eb3c9b2b4202e6839f51c9b9e9e16c9267a392c06a326d25bd6287"
            ],
            "index": "pypi",
            "version": "==0.0.3"
        },
        "s3transfer": {
            "hashes": [
                "sha256:2525bae2a530195576da53671bae8ca8c55ee8e33bc2225a65e804476611ea5a",
                "sha256:4924e10451cc37901945806423d16c2c2040a6530645a614ed87e995ccec764c"
            ],
            "version": "==0.3.2"
        },
        "sacrebleu": {
            "hashes": [
                "sha256:0a4b9e53b742d95fcd2f32e4aaa42aadcf94121d998ca19c66c05e7037d1eeee",
                "sha256:6ca2418e4474120537155d77695aa5303b2cf1a4227aec32074b4b4d8c107e2b"
            ],
            "index": "pypi",
            "version": "==1.4.3"
        },
        "sacremoses": {
            "hashes": [
                "sha256:34dcfaacf9fa34a6353424431f0e4fcc60e8ebb27ffee320d57396690b712a3b"
            ],
            "version": "==0.0.38"
        },
        "sentencepiece": {
            "hashes": [
                "sha256:0a98ec863e541304df23a37787033001b62cb089f4ed9307911791d7e210c0b1",
                "sha256:0ad221ea7914d65f57d3e3af7ae48852b5035166493312b5025367585b43ac41",
                "sha256:0f72c4151791de7242e7184a9b7ef12503cef42e9a5a0c1b3510f2c68874e810",
                "sha256:22fe7d92203fadbb6a0dc7d767430d37cdf3a9da4a0f2c5302c7bf294f7bfd8f",
                "sha256:2a72d4c3d0dbb1e099ddd2dc6b724376d3d7ff77ba494756b894254485bec4b4",
                "sha256:30791ce80a557339e17f1290c68dccd3f661612fdc6b689b4e4f21d805b64952",
                "sha256:39904713b81869db10de53fe8b3719f35acf77f49351f28ceaad0d360f2f6305",
                "sha256:3d5a2163deea95271ce8e38dfd0c3c924bea92aaf63bdda69b5458628dacc8bd",
                "sha256:3f3dee204635c33ca2e450e17ee9e0e92f114a47f853c2e44e7f0f0ab444d8d0",
                "sha256:4dcea889af53f669dc39d1ca870c37c52bb3110fcd96a2e7330d288400958281",
                "sha256:4e36a92558ad9e2f91b311c5bcea90b7a63c567c0e7e20da44d6a6f01031b57e",
                "sha256:576bf820eb963e6f275d4005ed5334fbed59eb54bed508e5cae6d16c7179710f",
                "sha256:6d2bbdbf296d96304c6345675749981bb17dcf2a7163d2fec38f70a704b75669",
                "sha256:76fdce3e7e614e24b35167c22c9c388e0c843be53d99afb5e1f25f6bfe04e228",
                "sha256:97b8ee26892d236b2620af8ddae11713fbbb2dae9adf4ad5e988e5a82ce50a90",
                "sha256:b3b6fe02af7ea4823c19e0d8efddc10ff59b8449bc1ae9921f9dd8ad33802c33",
                "sha256:b416f514fff8785a1113e6c07f696e52967fc979d6cd946e454a8660cca72ef8",
                "sha256:bf0bad6ba01ace3e938ffdf05c42b24d8fd3740487ba865504795a0bb9b1f2b3",
                "sha256:c00387970360ec0369b5e7c75f3977fb14330df75465200c13bafb7a632d2e6b",
                "sha256:c23fb7bb949934998375d41dbe54d4df1778a3b9dcb24bc2ddaaa595819ed1da",
                "sha256:dfdcf48678656592b11d11e2102c52c38122e309f7a1a5272305d397cfe21ce0",
                "sha256:fb69c5ba325b900cf2b91f517b46eec8ce3c50995955e293b46681d832021c0e",
                "sha256:fba83bef6c7a7899cd811d9b1195e748722eb2a9737c3f3890160f0e01e3ad08",
                "sha256:fe115aee209197839b2a357e34523e23768d553e8a69eac2b558499ccda56f80",
                "sha256:ffdf51218a3d7e0dad79bdffd21ad15a23cbb9c572d2300c3295c6efc6c2357e"
            ],
            "version": "==0.1.85"
        },
        "six": {
            "hashes": [
                "sha256:236bdbdce46e6e6a3d61a337c0f8b763ca1e8717c03b369e87a7ec7ce1319c0a",
                "sha256:8f3cd2e254d8f793e7f3d6d9df77b92252b52637291d0f0da013c76ea2724b6c"
            ],
            "version": "==1.14.0"
        },
        "tensorboardx": {
            "hashes": [
                "sha256:835d85db0aef2c6768f07c35e69a74e3dcb122d6afceaf2b8504d7d16c7209a5",
                "sha256:8e336103a66b1b97a663057cc13d1db4419f7a12f332b8364386dbf8635031d9"
            ],
            "index": "pypi",
            "version": "==2.0"
        },
        "torch": {
            "hashes": [
                "sha256:271d4d1e44df6ed57c530f8849b028447c62b8a19b8e8740dd9baa56e7f682c1",
                "sha256:30ce089475b287a37d6fbb8d71853e672edaf66699e3dd2eb19be6ce6296732a",
                "sha256:405b9eb40e44037d2525b3ddb5bc4c66b519cd742bff249d4207d23f83e88ea5",
                "sha256:504915c6bc6051ba6a4c2a43c446463dff04411e352f1e26fe13debeae431778",
                "sha256:54d06a0e8ee85e5a437c24f4af9f4196c819294c23ffb5914e177756f55f1829",
                "sha256:6f2fd9eb8c7eaf38a982ab266dbbfba0f29fb643bc74e677d045d6f2595e4692",
                "sha256:8856f334aa9ecb742c1504bd2563d0ffb8dceb97149c8d72a04afa357f667dbc",
                "sha256:8fff03bf7b474c16e4b50da65ea14200cc64553b67b9b2307f9dc7e8c69b9d28",
                "sha256:9a1b1db73d8dcfd94b2eee24b939368742aa85f1217c55b8f5681e76c581e99a",
                "sha256:bb1e87063661414e1149bef2e3a2499ce0b5060290799d7e26bc5578037075ba",
                "sha256:d7b34a78f021935ad727a3bede56a8a8d4fda0b0272314a04c5f6890bbe7bb29"
            ],
            "index": "pypi",
            "version": "==1.4.0"
        },
        "tqdm": {
            "hashes": [
                "sha256:01464d5950e9a07a8e463c2767883d9616c099c6502f6c7ef4e2e11d3065bd35",
                "sha256:5865f5fef9d739864ff341ddaa69894173ebacedb1aaafcf014de56343d01d5c"
            ],
            "index": "pypi",
            "version": "==4.42.0"
        },
        "transformers": {
            "hashes": [
                "sha256:2c237b06d60bb7f17f6b9e1ab9c5d4530508a287bc16ec64b5f7bb11d99df717",
                "sha256:d881aca9ff1d0d9cf500bda47d1cbe1b87d4297af75f2e1b9cf7ac0293dd9c38"
            ],
            "index": "pypi",
            "version": "==2.3.0"
        },
        "typing": {
            "hashes": [
                "sha256:91dfe6f3f706ee8cc32d38edbbf304e9b7583fb37108fef38229617f8b3eba23",
                "sha256:c8cabb5ab8945cd2f54917be357d134db9cc1eb039e59d1606dc1e60cb1d9d36",
                "sha256:f38d83c5a7a7086543a0f649564d661859c5146a85775ab90c0d2f93ffaa9714"
            ],
            "version": "==3.7.4.1"
        },
        "urllib3": {
            "hashes": [
                "sha256:2f3db8b19923a873b3e5256dc9c2dedfa883e33d87c690d9c7913e1f40673cdc",
                "sha256:87716c2d2a7121198ebcb7ce7cccf6ce5e9ba539041cfbaeecfb641dc0bf6acc"
            ],
            "version": "==1.25.8"
        }
    },
    "develop": {}
}
